
Microsoft Visual Studio Solution File, Format Version 12.00
# Visual Studio 15
VisualStudioVersion = 15.0.26430.16
MinimumVisualStudioVersion = 10.0.40219.1
Project("{FAE04EC0-301F-11D3-BF4B-00C04F79EFBC}") = "MinskGuide.XF.Android", "MinskGuide.XF\MinskGuide.XF.Android\MinskGuide.XF.Android.csproj", "{2013B12D-4B24-41E2-998B-09BDB9BC95BB}"
EndProject
Project("{FAE04EC0-301F-11D3-BF4B-00C04F79EFBC}") = "MinskGuide.XF", "MinskGuide.XF\MinskGuide.XF\MinskGuide.XF.csproj", "{3FF9A6A7-4CC3-40CA-B550-4286C421DD99}"
EndProject
Project("{FAE04EC0-301F-11D3-BF4B-00C04F79EFBC}") = "MinskGuide.XF.iOS", "MinskGuide.XF\MinskGuide.XF.iOS\MinskGuide.XF.iOS.csproj", "{76A1CEB6-4581-4A6C-8729-E9CD296D8FB5}"
EndProject
Project("{FAE04EC0-301F-11D3-BF4B-00C04F79EFBC}") = "MinskGuide.Core", "MinskGuide.Core\MinskGuide.Core.csproj", "{3314C71E-7DEE-474A-81D8-53472C4B598E}"
EndProject
Global
	GlobalSection(SolutionConfigurationPlatforms) = preSolution
		Ad-Hoc|Any CPU = Ad-Hoc|Any CPU
		Ad-Hoc|iPhone = Ad-Hoc|iPhone
		Ad-Hoc|iPhoneSimulator = Ad-Hoc|iPhoneSimulator
		AppStore|Any CPU = AppStore|Any CPU
		AppStore|iPhone = AppStore|iPhone
		AppStore|iPhoneSimulator = AppStore|iPhoneSimulator
		Debug|Any CPU = Debug|Any CPU
		Debug|iPhone = Debug|iPhone
		Debug|iPhoneSimulator = Debug|iPhoneSimulator
		Release|Any CPU = Release|Any CPU
		Release|iPhone = Release|iPhone
		Release|iPhoneSimulator = Release|iPhoneSimulator
	EndGlobalSection
	GlobalSection(ProjectConfigurationPlatforms) = postSolution
		{2013B12D-4B24-41E2-998B-09BDB9BC95BB}.Ad-Hoc|Any CPU.ActiveCfg = Release|Any CPU
		{2013B12D-4B24-41E2-998B-09BDB9BC95BB}.Ad-Hoc|Any CPU.Build.0 = Release|Any CPU
		{2013B12D-4B24-41E2-998B-09BDB9BC95BB}.Ad-Hoc|Any CPU.Deploy.0 = Release|Any CPU
		{2013B12D-4B24-41E2-998B-09BDB9BC95BB}.Ad-Hoc|iPhone.ActiveCfg = Release|Any CPU
		{2013B12D-4B24-41E2-998B-09BDB9BC95BB}.Ad-Hoc|iPhone.Build.0 = Release|Any CPU
		{2013B12D-4B24-41E2-998B-09BDB9BC95BB}.Ad-Hoc|iPhone.Deploy.0 = Release|Any CPU
		{2013B12D-4B24-41E2-998B-09BDB9BC95BB}.Ad-Hoc|iPhoneSimulator.ActiveCfg = Release|Any CPU
		{2013B12D-4B24-41E2-998B-09BDB9BC95BB}.Ad-Hoc|iPhoneSimulator.Build.0 = Release|Any CPU
		{2013B12D-4B24-41E2-998B-09BDB9BC95BB}.Ad-Hoc|iPhoneSimulator.Deploy.0 = Release|Any CPU
		{2013B12D-4B24-41E2-998B-09BDB9BC95BB}.AppStore|Any CPU.ActiveCfg = Release|Any CPU
		{2013B12D-4B24-41E2-998B-09BDB9BC95BB}.AppStore|Any CPU.Build.0 = Release|Any CPU
		{2013B12D-4B24-41E2-998B-09BDB9BC95BB}.AppStore|Any CPU.Deploy.0 = Release|Any CPU
		{2013B12D-4B24-41E2-998B-09BDB9BC95BB}.AppStore|iPhone.ActiveCfg = Release|Any CPU
		{2013B12D-4B24-41E2-998B-09BDB9BC95BB}.AppStore|iPhone.Build.0 = Release|Any CPU
		{2013B12D-4B24-41E2-998B-09BDB9BC95BB}.AppStore|iPhone.Deploy.0 = Release|Any CPU
		{2013B12D-4B24-41E2-998B-09BDB9BC95BB}.AppStore|iPhoneSimulator.ActiveCfg = Release|Any CPU
		{2013B12D-4B24-41E2-998B-09BDB9BC95BB}.AppStore|iPhoneSimulator.Build.0 = Release|Any CPU
		{2013B12D-4B24-41E2-998B-09BDB9BC95BB}.AppStore|iPhoneSimulator.Deploy.0 = Release|Any CPU
		{2013B12D-4B24-41E2-998B-09BDB9BC95BB}.Debug|Any CPU.ActiveCfg = Debug|Any CPU
		{2013B12D-4B24-41E2-998B-09BDB9BC95BB}.Debug|Any CPU.Build.0 = Debug|Any CPU
		{2013B12D-4B24-41E2-998B-09BDB9BC95BB}.Debug|Any CPU.Deploy.0 = Debug|Any CPU
		{2013B12D-4B24-41E2-998B-09BDB9BC95BB}.Debug|iPhone.ActiveCfg = Debug|Any CPU
		{2013B12D-4B24-41E2-998B-09BDB9BC95BB}.Debug|iPhone.Build.0 = Debug|Any CPU
		{2013B12D-4B24-41E2-998B-09BDB9BC95BB}.Debug|iPhone.Deploy.0 = Debug|Any CPU
		{2013B12D-4B24-41E2-998B-09BDB9BC95BB}.Debug|iPhoneSimulator.ActiveCfg = Debug|Any CPU
		{2013B12D-4B24-41E2-998B-09BDB9BC95BB}.Debug|iPhoneSimulator.Build.0 = Debug|Any CPU
		{2013B12D-4B24-41E2-998B-09BDB9BC95BB}.Debug|iPhoneSimulator.Deploy.0 = Debug|Any CPU
		{2013B12D-4B24-41E2-998B-09BDB9BC95BB}.Release|Any CPU.ActiveCfg = Release|Any CPU
		{2013B12D-4B24-41E2-998B-09BDB9BC95BB}.Release|Any CPU.Build.0 = Release|Any CPU
		{2013B12D-4B24-41E2-998B-09BDB9BC95BB}.Release|Any CPU.Deploy.0 = Release|Any CPU
		{2013B12D-4B24-41E2-998B-09BDB9BC95BB}.Release|iPhone.ActiveCfg = Release|Any CPU
		{2013B12D-4B24-41E2-998B-09BDB9BC95BB}.Release|iPhone.Build.0 = Release|Any CPU
		{2013B12D-4B24-41E2-998B-09BDB9BC95BB}.Release|iPhone.Deploy.0 = Release|Any CPU
		{2013B12D-4B24-41E2-998B-09BDB9BC95BB}.Release|iPhoneSimulator.ActiveCfg = Release|Any CPU
		{2013B12D-4B24-41E2-998B-09BDB9BC95BB}.Release|iPhoneSimulator.Build.0 = Release|Any CPU
		{2013B12D-4B24-41E2-998B-09BDB9BC95BB}.Release|iPhoneSimulator.Deploy.0 = Release|Any CPU
		{3FF9A6A7-4CC3-40CA-B550-4286C421DD99}.Ad-Hoc|Any CPU.ActiveCfg = Release|Any CPU
		{3FF9A6A7-4CC3-40CA-B550-4286C421DD99}.Ad-Hoc|Any CPU.Build.0 = Release|Any CPU
		{3FF9A6A7-4CC3-40CA-B550-4286C421DD99}.Ad-Hoc|iPhone.ActiveCfg = Release|Any CPU
		{3FF9A6A7-4CC3-40CA-B550-4286C421DD99}.Ad-Hoc|iPhone.Build.0 = Release|Any CPU
		{3FF9A6A7-4CC3-40CA-B550-4286C421DD99}.Ad-Hoc|iPhoneSimulator.ActiveCfg = Release|Any CPU
		{3FF9A6A7-4CC3-40CA-B550-4286C421DD99}.Ad-Hoc|iPhoneSimulator.Build.0 = Release|Any CPU
		{3FF9A6A7-4CC3-40CA-B550-4286C421DD99}.AppStore|Any CPU.ActiveCfg = Release|Any CPU
		{3FF9A6A7-4CC3-40CA-B550-4286C421DD99}.AppStore|Any CPU.Build.0 = Release|Any CPU
		{3FF9A6A7-4CC3-40CA-B550-4286C421DD99}.AppStore|iPhone.ActiveCfg = Release|Any CPU
		{3FF9A6A7-4CC3-40CA-B550-4286C421DD99}.AppStore|iPhone.Build.0 = Release|Any CPU
		{3FF9A6A7-4CC3-40CA-B550-4286C421DD99}.AppStore|iPhoneSimulator.ActiveCfg = Release|Any CPU
		{3FF9A6A7-4CC3-40CA-B550-4286C421DD99}.AppStore|iPhoneSimulator.Build.0 = Release|Any CPU
		{3FF9A6A7-4CC3-40CA-B550-4286C421DD99}.Debug|Any CPU.ActiveCfg = Debug|Any CPU
		{3FF9A6A7-4CC3-40CA-B550-4286C421DD99}.Debug|Any CPU.Build.0 = Debug|Any CPU
		{3FF9A6A7-4CC3-40CA-B550-4286C421DD99}.Debug|iPhone.ActiveCfg = Debug|Any CPU
		{3FF9A6A7-4CC3-40CA-B550-4286C421DD99}.Debug|iPhone.Build.0 = Debug|Any CPU
		{3FF9A6A7-4CC3-40CA-B550-4286C421DD99}.Debug|iPhoneSimulator.ActiveCfg = Debug|Any CPU
		{3FF9A6A7-4CC3-40CA-B550-4286C421DD99}.Debug|iPhoneSimulator.Build.0 = Debug|Any CPU
		{3FF9A6A7-4CC3-40CA-B550-4286C421DD99}.Release|Any CPU.ActiveCfg = Release|Any CPU
		{3FF9A6A7-4CC3-40CA-B550-4286C421DD99}.Release|Any CPU.Build.0 = Release|Any CPU
		{3FF9A6A7-4CC3-40CA-B550-4286C421DD99}.Release|iPhone.ActiveCfg = Release|Any CPU
		{3FF9A6A7-4CC3-40CA-B550-4286C421DD99}.Release|iPhone.Build.0 = Release|Any CPU
		{3FF9A6A7-4CC3-40CA-B550-4286C421DD99}.Release|iPhoneSimulator.ActiveCfg = Release|Any CPU
		{3FF9A6A7-4CC3-40CA-B550-4286C421DD99}.Release|iPhoneSimulator.Build.0 = Release|Any CPU
		{76A1CEB6-4581-4A6C-8729-E9CD296D8FB5}.Ad-Hoc|Any CPU.ActiveCfg = Ad-Hoc|iPhone
		{76A1CEB6-4581-4A6C-8729-E9CD296D8FB5}.Ad-Hoc|iPhone.ActiveCfg = Ad-Hoc|iPhone
		{76A1CEB6-4581-4A6C-8729-E9CD296D8FB5}.Ad-Hoc|iPhone.Build.0 = Ad-Hoc|iPhone
		{76A1CEB6-4581-4A6C-8729-E9CD296D8FB5}.Ad-Hoc|iPhoneSimulator.ActiveCfg = Ad-Hoc|iPhoneSimulator
		{76A1CEB6-4581-4A6C-8729-E9CD296D8FB5}.Ad-Hoc|iPhoneSimulator.Build.0 = Ad-Hoc|iPhoneSimulator
		{76A1CEB6-4581-4A6C-8729-E9CD296D8FB5}.AppStore|Any CPU.ActiveCfg = AppStore|iPhone
		{76A1CEB6-4581-4A6C-8729-E9CD296D8FB5}.AppStore|iPhone.ActiveCfg = AppStore|iPhone
		{76A1CEB6-4581-4A6C-8729-E9CD296D8FB5}.AppStore|iPhone.Build.0 = AppStore|iPhone
		{76A1CEB6-4581-4A6C-8729-E9CD296D8FB5}.AppStore|iPhoneSimulator.ActiveCfg = AppStore|iPhoneSimulator
		{76A1CEB6-4581-4A6C-8729-E9CD296D8FB5}.AppStore|iPhoneSimulator.Build.0 = AppStore|iPhoneSimulator
		{76A1CEB6-4581-4A6C-8729-E9CD296D8FB5}.Debug|Any CPU.ActiveCfg = Debug|iPhone
		{76A1CEB6-4581-4A6C-8729-E9CD296D8FB5}.Debug|iPhone.ActiveCfg = Debug|iPhone
		{76A1CEB6-4581-4A6C-8729-E9CD296D8FB5}.Debug|iPhone.Build.0 = Debug|iPhone
		{76A1CEB6-4581-4A6C-8729-E9CD296D8FB5}.Debug|iPhoneSimulator.ActiveCfg = Debug|iPhoneSimulator
		{76A1CEB6-4581-4A6C-8729-E9CD296D8FB5}.Debug|iPhoneSimulator.Build.0 = Debug|iPhoneSimulator
		{76A1CEB6-4581-4A6C-8729-E9CD296D8FB5}.Release|Any CPU.ActiveCfg = Release|iPhone
		{76A1CEB6-4581-4A6C-8729-E9CD296D8FB5}.Release|iPhone.ActiveCfg = Release|iPhone
		{76A1CEB6-4581-4A6C-8729-E9CD296D8FB5}.Release|iPhone.Build.0 = Release|iPhone
		{76A1CEB6-4581-4A6C-8729-E9CD296D8FB5}.Release|iPhoneSimulator.ActiveCfg = Release|iPhoneSimulator
		{76A1CEB6-4581-4A6C-8729-E9CD296D8FB5}.Release|iPhoneSimulator.Build.0 = Release|iPhoneSimulator
		{3314C71E-7DEE-474A-81D8-53472C4B598E}.Ad-Hoc|Any CPU.ActiveCfg = Release|Any CPU
		{3314C71E-7DEE-474A-81D8-53472C4B598E}.Ad-Hoc|Any CPU.Build.0 = Release|Any CPU
		{3314C71E-7DEE-474A-81D8-53472C4B598E}.Ad-Hoc|iPhone.ActiveCfg = Release|Any CPU
		{3314C71E-7DEE-474A-81D8-53472C4B598E}.Ad-Hoc|iPhone.Build.0 = Release|Any CPU
		{3314C71E-7DEE-474A-81D8-53472C4B598E}.Ad-Hoc|iPhoneSimulator.ActiveCfg = Release|Any CPU
		{3314C71E-7DEE-474A-81D8-53472C4B598E}.Ad-Hoc|iPhoneSimulator.Build.0 = Release|Any CPU
		{3314C71E-7DEE-474A-81D8-53472C4B598E}.AppStore|Any CPU.ActiveCfg = Release|Any CPU
		{3314C71E-7DEE-474A-81D8-53472C4B598E}.AppStore|Any CPU.Build.0 = Release|Any CPU
		{3314C71E-7DEE-474A-81D8-53472C4B598E}.AppStore|iPhone.ActiveCfg = Release|Any CPU
		{3314C71E-7DEE-474A-81D8-53472C4B598E}.AppStore|iPhone.Build.0 = Release|Any CPU
		{3314C71E-7DEE-474A-81D8-53472C4B598E}.AppStore|iPhoneSimulator.ActiveCfg = Release|Any CPU
		{3314C71E-7DEE-474A-81D8-53472C4B598E}.AppStore|iPhoneSimulator.Build.0 = Release|Any CPU
		{3314C71E-7DEE-474A-81D8-53472C4B598E}.Debug|Any CPU.ActiveCfg = Debug|Any CPU
		{3314C71E-7DEE-474A-81D8-53472C4B598E}.Debug|Any CPU.Build.0 = Debug|Any CPU
		{3314C71E-7DEE-474A-81D8-53472C4B598E}.Debug|iPhone.ActiveCfg = Debug|Any CPU
		{3314C71E-7DEE-474A-81D8-53472C4B598E}.Debug|iPhone.Build.0 = Debug|Any CPU
		{3314C71E-7DEE-474A-81D8-53472C4B598E}.Debug|iPhoneSimulator.ActiveCfg = Debug|Any CPU
		{3314C71E-7DEE-474A-81D8-53472C4B598E}.Debug|iPhoneSimulator.Build.0 = Debug|Any CPU
		{3314C71E-7DEE-474A-81D8-53472C4B598E}.Release|Any CPU.ActiveCfg = Release|Any CPU
		{3314C71E-7DEE-474A-81D8-53472C4B598E}.Release|Any CPU.Build.0 = Release|Any CPU
		{3314C71E-7DEE-474A-81D8-53472C4B598E}.Release|iPhone.ActiveCfg = Release|Any CPU
		{3314C71E-7DEE-474A-81D8-53472C4B598E}.Release|iPhone.Build.0 = Release|Any CPU
		{3314C71E-7DEE-474A-81D8-53472C4B598E}.Release|iPhoneSimulator.ActiveCfg = Release|Any CPU
		{3314C71E-7DEE-474A-81D8-53472C4B598E}.Release|iPhoneSimulator.Build.0 = Release|Any CPU
	EndGlobalSection
	GlobalSection(SolutionProperties) = preSolution
		HideSolutionNode = FALSE
	EndGlobalSection
EndGlobal
